
Microsoft Visual Studio Solution File, Format Version 12.00
# Visual Studio 15
VisualStudioVersion = 15.0.28307.136
MinimumVisualStudioVersion = 10.0.40219.1
Project("{FAE04EC0-301F-11D3-BF4B-00C04F79EFBC}") = "vsStart_vs2017", "vsStart_vs2017.csproj", "{BAF1C089-BBDD-46F5-AF47-8D4D2FA14D90}"
EndProject
Project("{FAE04EC0-301F-11D3-BF4B-00C04F79EFBC}") = "vsDev", "..\vsDev\vsDev.csproj", "{3DA82FA0-F46B-482E-9F79-358DA1EEDC71}"
EndProject
Project("{FAE04EC0-301F-11D3-BF4B-00C04F79EFBC}") = "VSSyncProj", "..\..\VSSyncProj\VSSyncProj.csproj", "{199B8984-5F31-4E46-94C7-20CAA33081AF}"
EndProject
Project("{FAE04EC0-301F-11D3-BF4B-00C04F79EFBC}") = "vsStart_vs2013", "vsStart_vs2013.csproj", "{1D12A97B-9D64-4ED7-A611-A756E41DBC6A}"
EndProject
Project("{8BC9CEB8-8B4A-11D0-8D11-00A0C91BC942}") = "cppscript", "..\..\cppscript\cppscript.vcxproj", "{554DCA95-1B50-4AF5-B90A-503F3EB07159}"
EndProject
Project("{FAE04EC0-301F-11D3-BF4B-00C04F79EFBC}") = "vsStart_vs2012", "vsStart_vs2012.csproj", "{052BC827-A1FD-449C-9700-41E956831100}"
EndProject
Project("{FAE04EC0-301F-11D3-BF4B-00C04F79EFBC}") = "scriptStarter", "..\..\scriptStarter\scriptStarter.csproj", "{AFF313BD-8D4E-4EB7-93EE-E43B751BFD31}"
EndProject
Project("{FAE04EC0-301F-11D3-BF4B-00C04F79EFBC}") = "testScript", "..\..\Test\testScript\testScript.csproj", "{5761F698-0F66-47B3-BFE7-883ACA64F513}"
EndProject
Project("{FAE04EC0-301F-11D3-BF4B-00C04F79EFBC}") = "CSScriptLibrary", "..\cs-script\CSScriptLibrary\CSScriptLibrary.csproj", "{F33DDB9A-918F-43D9-A1CF-CECD269AD958}"
EndProject
Global
	GlobalSection(SolutionConfigurationPlatforms) = preSolution
		Debug|Any CPU = Debug|Any CPU
		Debug|x64 = Debug|x64
		Debug|x86 = Debug|x86
		Release|Any CPU = Release|Any CPU
		Release|x64 = Release|x64
		Release|x86 = Release|x86
	EndGlobalSection
	GlobalSection(ProjectConfigurationPlatforms) = postSolution
		{BAF1C089-BBDD-46F5-AF47-8D4D2FA14D90}.Debug|Any CPU.ActiveCfg = Debug|Any CPU
		{BAF1C089-BBDD-46F5-AF47-8D4D2FA14D90}.Debug|Any CPU.Build.0 = Debug|Any CPU
		{BAF1C089-BBDD-46F5-AF47-8D4D2FA14D90}.Debug|x64.ActiveCfg = Debug|Any CPU
		{BAF1C089-BBDD-46F5-AF47-8D4D2FA14D90}.Debug|x64.Build.0 = Debug|Any CPU
		{BAF1C089-BBDD-46F5-AF47-8D4D2FA14D90}.Debug|x86.ActiveCfg = Debug|Any CPU
		{BAF1C089-BBDD-46F5-AF47-8D4D2FA14D90}.Debug|x86.Build.0 = Debug|Any CPU
		{BAF1C089-BBDD-46F5-AF47-8D4D2FA14D90}.Release|Any CPU.ActiveCfg = Release|Any CPU
		{BAF1C089-BBDD-46F5-AF47-8D4D2FA14D90}.Release|Any CPU.Build.0 = Release|Any CPU
		{BAF1C089-BBDD-46F5-AF47-8D4D2FA14D90}.Release|x64.ActiveCfg = Release|Any CPU
		{BAF1C089-BBDD-46F5-AF47-8D4D2FA14D90}.Release|x64.Build.0 = Release|Any CPU
		{BAF1C089-BBDD-46F5-AF47-8D4D2FA14D90}.Release|x86.ActiveCfg = Release|Any CPU
		{BAF1C089-BBDD-46F5-AF47-8D4D2FA14D90}.Release|x86.Build.0 = Release|Any CPU
		{3DA82FA0-F46B-482E-9F79-358DA1EEDC71}.Debug|Any CPU.ActiveCfg = Debug|Any CPU
		{3DA82FA0-F46B-482E-9F79-358DA1EEDC71}.Debug|Any CPU.Build.0 = Debug|Any CPU
		{3DA82FA0-F46B-482E-9F79-358DA1EEDC71}.Debug|x64.ActiveCfg = Debug|Any CPU
		{3DA82FA0-F46B-482E-9F79-358DA1EEDC71}.Debug|x64.Build.0 = Debug|Any CPU
		{3DA82FA0-F46B-482E-9F79-358DA1EEDC71}.Debug|x86.ActiveCfg = Debug|Any CPU
		{3DA82FA0-F46B-482E-9F79-358DA1EEDC71}.Debug|x86.Build.0 = Debug|Any CPU
		{3DA82FA0-F46B-482E-9F79-358DA1EEDC71}.Release|Any CPU.ActiveCfg = Release|Any CPU
		{3DA82FA0-F46B-482E-9F79-358DA1EEDC71}.Release|Any CPU.Build.0 = Release|Any CPU
		{3DA82FA0-F46B-482E-9F79-358DA1EEDC71}.Release|x64.ActiveCfg = Release|Any CPU
		{3DA82FA0-F46B-482E-9F79-358DA1EEDC71}.Release|x64.Build.0 = Release|Any CPU
		{3DA82FA0-F46B-482E-9F79-358DA1EEDC71}.Release|x86.ActiveCfg = Release|Any CPU
		{3DA82FA0-F46B-482E-9F79-358DA1EEDC71}.Release|x86.Build.0 = Release|Any CPU
		{199B8984-5F31-4E46-94C7-20CAA33081AF}.Debug|Any CPU.ActiveCfg = Debug|Any CPU
		{199B8984-5F31-4E46-94C7-20CAA33081AF}.Debug|x64.ActiveCfg = Debug|Any CPU
		{199B8984-5F31-4E46-94C7-20CAA33081AF}.Debug|x64.Build.0 = Debug|Any CPU
		{199B8984-5F31-4E46-94C7-20CAA33081AF}.Debug|x86.ActiveCfg = Debug|Any CPU
		{199B8984-5F31-4E46-94C7-20CAA33081AF}.Debug|x86.Build.0 = Debug|Any CPU
		{199B8984-5F31-4E46-94C7-20CAA33081AF}.Release|Any CPU.ActiveCfg = Release|Any CPU
		{199B8984-5F31-4E46-94C7-20CAA33081AF}.Release|Any CPU.Build.0 = Release|Any CPU
		{199B8984-5F31-4E46-94C7-20CAA33081AF}.Release|x64.ActiveCfg = Release|Any CPU
		{199B8984-5F31-4E46-94C7-20CAA33081AF}.Release|x64.Build.0 = Release|Any CPU
		{199B8984-5F31-4E46-94C7-20CAA33081AF}.Release|x86.ActiveCfg = Release|Any CPU
		{199B8984-5F31-4E46-94C7-20CAA33081AF}.Release|x86.Build.0 = Release|Any CPU
		{1D12A97B-9D64-4ED7-A611-A756E41DBC6A}.Debug|Any CPU.ActiveCfg = Debug|Any CPU
		{1D12A97B-9D64-4ED7-A611-A756E41DBC6A}.Debug|Any CPU.Build.0 = Debug|Any CPU
		{1D12A97B-9D64-4ED7-A611-A756E41DBC6A}.Debug|x64.ActiveCfg = Debug|Any CPU
		{1D12A97B-9D64-4ED7-A611-A756E41DBC6A}.Debug|x64.Build.0 = Debug|Any CPU
		{1D12A97B-9D64-4ED7-A611-A756E41DBC6A}.Debug|x86.ActiveCfg = Debug|Any CPU
		{1D12A97B-9D64-4ED7-A611-A756E41DBC6A}.Debug|x86.Build.0 = Debug|Any CPU
		{1D12A97B-9D64-4ED7-A611-A756E41DBC6A}.Release|Any CPU.ActiveCfg = Release|Any CPU
		{1D12A97B-9D64-4ED7-A611-A756E41DBC6A}.Release|Any CPU.Build.0 = Release|Any CPU
		{1D12A97B-9D64-4ED7-A611-A756E41DBC6A}.Release|x64.ActiveCfg = Release|Any CPU
		{1D12A97B-9D64-4ED7-A611-A756E41DBC6A}.Release|x64.Build.0 = Release|Any CPU
		{1D12A97B-9D64-4ED7-A611-A756E41DBC6A}.Release|x86.ActiveCfg = Release|Any CPU
		{1D12A97B-9D64-4ED7-A611-A756E41DBC6A}.Release|x86.Build.0 = Release|Any CPU
		{554DCA95-1B50-4AF5-B90A-503F3EB07159}.Debug|Any CPU.ActiveCfg = Debug|Win32
		{554DCA95-1B50-4AF5-B90A-503F3EB07159}.Debug|x64.ActiveCfg = Debug|x64
		{554DCA95-1B50-4AF5-B90A-503F3EB07159}.Debug|x64.Build.0 = Debug|x64
		{554DCA95-1B50-4AF5-B90A-503F3EB07159}.Debug|x86.ActiveCfg = Debug|Win32
		{554DCA95-1B50-4AF5-B90A-503F3EB07159}.Debug|x86.Build.0 = Debug|Win32
		{554DCA95-1B50-4AF5-B90A-503F3EB07159}.Release|Any CPU.ActiveCfg = Release|Win32
		{554DCA95-1B50-4AF5-B90A-503F3EB07159}.Release|x64.ActiveCfg = Release|x64
		{554DCA95-1B50-4AF5-B90A-503F3EB07159}.Release|x64.Build.0 = Release|x64
		{554DCA95-1B50-4AF5-B90A-503F3EB07159}.Release|x86.ActiveCfg = Release|Win32
		{554DCA95-1B50-4AF5-B90A-503F3EB07159}.Release|x86.Build.0 = Release|Win32
		{052BC827-A1FD-449C-9700-41E956831100}.Debug|Any CPU.ActiveCfg = Debug|Any CPU
		{052BC827-A1FD-449C-9700-41E956831100}.Debug|Any CPU.Build.0 = Debug|Any CPU
		{052BC827-A1FD-449C-9700-41E956831100}.Debug|x64.ActiveCfg = Debug|Any CPU
		{052BC827-A1FD-449C-9700-41E956831100}.Debug|x64.Build.0 = Debug|Any CPU
		{052BC827-A1FD-449C-9700-41E956831100}.Debug|x86.ActiveCfg = Debug|Any CPU
		{052BC827-A1FD-449C-9700-41E956831100}.Debug|x86.Build.0 = Debug|Any CPU
		{052BC827-A1FD-449C-9700-41E956831100}.Release|Any CPU.ActiveCfg = Release|Any CPU
		{052BC827-A1FD-449C-9700-41E956831100}.Release|Any CPU.Build.0 = Release|Any CPU
		{052BC827-A1FD-449C-9700-41E956831100}.Release|x64.ActiveCfg = Release|Any CPU
		{052BC827-A1FD-449C-9700-41E956831100}.Release|x64.Build.0 = Release|Any CPU
		{052BC827-A1FD-449C-9700-41E956831100}.Release|x86.ActiveCfg = Release|Any CPU
		{052BC827-A1FD-449C-9700-41E956831100}.Release|x86.Build.0 = Release|Any CPU
		{AFF313BD-8D4E-4EB7-93EE-E43B751BFD31}.Debug|Any CPU.ActiveCfg = Debug|Any CPU
		{AFF313BD-8D4E-4EB7-93EE-E43B751BFD31}.Debug|Any CPU.Build.0 = Debug|Any CPU
		{AFF313BD-8D4E-4EB7-93EE-E43B751BFD31}.Debug|x64.ActiveCfg = Debug|Any CPU
		{AFF313BD-8D4E-4EB7-93EE-E43B751BFD31}.Debug|x64.Build.0 = Debug|Any CPU
		{AFF313BD-8D4E-4EB7-93EE-E43B751BFD31}.Debug|x86.ActiveCfg = Debug|Any CPU
		{AFF313BD-8D4E-4EB7-93EE-E43B751BFD31}.Debug|x86.Build.0 = Debug|Any CPU
		{AFF313BD-8D4E-4EB7-93EE-E43B751BFD31}.Release|Any CPU.ActiveCfg = Release|Any CPU
		{AFF313BD-8D4E-4EB7-93EE-E43B751BFD31}.Release|Any CPU.Build.0 = Release|Any CPU
		{AFF313BD-8D4E-4EB7-93EE-E43B751BFD31}.Release|x64.ActiveCfg = Release|Any CPU
		{AFF313BD-8D4E-4EB7-93EE-E43B751BFD31}.Release|x64.Build.0 = Release|Any CPU
		{AFF313BD-8D4E-4EB7-93EE-E43B751BFD31}.Release|x86.ActiveCfg = Release|Any CPU
		{AFF313BD-8D4E-4EB7-93EE-E43B751BFD31}.Release|x86.Build.0 = Release|Any CPU
		{5761F698-0F66-47B3-BFE7-883ACA64F513}.Debug|Any CPU.ActiveCfg = Debug|Any CPU
		{5761F698-0F66-47B3-BFE7-883ACA64F513}.Debug|Any CPU.Build.0 = Debug|Any CPU
		{5761F698-0F66-47B3-BFE7-883ACA64F513}.Debug|x64.ActiveCfg = Debug|Any CPU
		{5761F698-0F66-47B3-BFE7-883ACA64F513}.Debug|x64.Build.0 = Debug|Any CPU
		{5761F698-0F66-47B3-BFE7-883ACA64F513}.Debug|x86.ActiveCfg = Debug|Any CPU
		{5761F698-0F66-47B3-BFE7-883ACA64F513}.Debug|x86.Build.0 = Debug|Any CPU
		{5761F698-0F66-47B3-BFE7-883ACA64F513}.Release|Any CPU.ActiveCfg = Release|Any CPU
		{5761F698-0F66-47B3-BFE7-883ACA64F513}.Release|Any CPU.Build.0 = Release|Any CPU
		{5761F698-0F66-47B3-BFE7-883ACA64F513}.Release|x64.ActiveCfg = Release|Any CPU
		{5761F698-0F66-47B3-BFE7-883ACA64F513}.Release|x64.Build.0 = Release|Any CPU
		{5761F698-0F66-47B3-BFE7-883ACA64F513}.Release|x86.ActiveCfg = Release|Any CPU
		{5761F698-0F66-47B3-BFE7-883ACA64F513}.Release|x86.Build.0 = Release|Any CPU
		{F33DDB9A-918F-43D9-A1CF-CECD269AD958}.Debug|Any CPU.ActiveCfg = Debug|Any CPU
		{F33DDB9A-918F-43D9-A1CF-CECD269AD958}.Debug|Any CPU.Build.0 = Debug|Any CPU
		{F33DDB9A-918F-43D9-A1CF-CECD269AD958}.Debug|x64.ActiveCfg = Debug|Any CPU
		{F33DDB9A-918F-43D9-A1CF-CECD269AD958}.Debug|x64.Build.0 = Debug|Any CPU
		{F33DDB9A-918F-43D9-A1CF-CECD269AD958}.Debug|x86.ActiveCfg = Debug|Any CPU
		{F33DDB9A-918F-43D9-A1CF-CECD269AD958}.Debug|x86.Build.0 = Debug|Any CPU
		{F33DDB9A-918F-43D9-A1CF-CECD269AD958}.Release|Any CPU.ActiveCfg = Release|Any CPU
		{F33DDB9A-918F-43D9-A1CF-CECD269AD958}.Release|Any CPU.Build.0 = Release|Any CPU
		{F33DDB9A-918F-43D9-A1CF-CECD269AD958}.Release|x64.ActiveCfg = Release|Any CPU
		{F33DDB9A-918F-43D9-A1CF-CECD269AD958}.Release|x64.Build.0 = Release|Any CPU
		{F33DDB9A-918F-43D9-A1CF-CECD269AD958}.Release|x86.ActiveCfg = Release|Any CPU
		{F33DDB9A-918F-43D9-A1CF-CECD269AD958}.Release|x86.Build.0 = Release|Any CPU
	EndGlobalSection
	GlobalSection(SolutionProperties) = preSolution
		HideSolutionNode = FALSE
	EndGlobalSection
	GlobalSection(ExtensibilityGlobals) = postSolution
		SolutionGuid = {03776DE8-0917-4BC0-8620-A89A6B5314D2}
	EndGlobalSection
EndGlobal
