
Microsoft Visual Studio Solution File, Format Version 12.00
# Visual Studio 15
VisualStudioVersion = 15.0.28307.136
MinimumVisualStudioVersion = 10.0.40219.1
Project("{FAE04EC0-301F-11D3-BF4B-00C04F79EFBC}") = "VSModelSync", "VSModelSync.csproj", "{366F2418-4F65-4AF5-AEFB-0F3A40F1F4E3}"
EndProject
Project("{FAE04EC0-301F-11D3-BF4B-00C04F79EFBC}") = "VSModel", "..\VSModel\VSModel.csproj", "{2807D6B3-0F45-491C-8D18-883EEB0CF412}"
	ProjectSection(ProjectDependencies) = postProject
		{366F2418-4F65-4AF5-AEFB-0F3A40F1F4E3} = {366F2418-4F65-4AF5-AEFB-0F3A40F1F4E3}
	EndProjectSection
EndProject
Global
	GlobalSection(SolutionConfigurationPlatforms) = preSolution
		Debug|Any CPU = Debug|Any CPU
		Release|Any CPU = Release|Any CPU
	EndGlobalSection
	GlobalSection(ProjectConfigurationPlatforms) = postSolution
		{366F2418-4F65-4AF5-AEFB-0F3A40F1F4E3}.Debug|Any CPU.ActiveCfg = Debug|Any CPU
		{366F2418-4F65-4AF5-AEFB-0F3A40F1F4E3}.Debug|Any CPU.Build.0 = Debug|Any CPU
		{366F2418-4F65-4AF5-AEFB-0F3A40F1F4E3}.Release|Any CPU.ActiveCfg = Release|Any CPU
		{366F2418-4F65-4AF5-AEFB-0F3A40F1F4E3}.Release|Any CPU.Build.0 = Release|Any CPU
		{2807D6B3-0F45-491C-8D18-883EEB0CF412}.Debug|Any CPU.ActiveCfg = Debug|Any CPU
		{2807D6B3-0F45-491C-8D18-883EEB0CF412}.Debug|Any CPU.Build.0 = Debug|Any CPU
		{2807D6B3-0F45-491C-8D18-883EEB0CF412}.Release|Any CPU.ActiveCfg = Release|Any CPU
		{2807D6B3-0F45-491C-8D18-883EEB0CF412}.Release|Any CPU.Build.0 = Release|Any CPU
	EndGlobalSection
	GlobalSection(SolutionProperties) = preSolution
		HideSolutionNode = FALSE
	EndGlobalSection
	GlobalSection(ExtensibilityGlobals) = postSolution
		SolutionGuid = {FCFD8F0E-0F97-4E3A-ACDC-F8CF29197A48}
	EndGlobalSection
EndGlobal
