<?xml version="1.0" encoding="utf-8"?>
<Project ToolsVersion="4.0" xmlns="http://schemas.microsoft.com/developer/msbuild/2003">
  <ItemGroup>
    <ClCompile Include="cppscript.cpp" />
    <ClCompile Include="..\pugixml\pugixml.cpp">
      <Filter>pugixml</Filter>
    </ClCompile>
  </ItemGroup>
  <ItemGroup>
    <Filter Include="pugixml">
      <UniqueIdentifier>{024eabe8-e819-4d0b-a8d8-2d1a4143578c}</UniqueIdentifier>
    </Filter>
  </ItemGroup>
  <ItemGroup>
    <ClInclude Include="..\pugixml\pugiconfig.hpp">
      <Filter>pugixml</Filter>
    </ClInclude>
    <ClInclude Include="..\pugixml\pugixml.hpp">
      <Filter>pugixml</Filter>
    </ClInclude>
  </ItemGroup>
  <ItemGroup>
    <Natvis Include="..\pugixml\pugixml.natvis" />
  </ItemGroup>
</Project>