<?xml version="1.0" encoding="utf-8"?>
<Project ToolsVersion="4.0" xmlns="http://schemas.microsoft.com/developer/msbuild/2003">
  <ItemGroup>
    <ClCompile Include="dllmain.cpp" />
    <ClCompile Include="Solution.cpp" />
    <ClCompile Include="Project.cpp" />
    <ClCompile Include="..\pugixml\pugixml.cpp">
      <Filter>pugixml</Filter>
    </ClCompile>
    <ClCompile Include="ProjectFile.cpp" />
    <ClCompile Include="CppReflect.cpp" />
    <ClCompile Include="pch.cpp" />
    <ClCompile Include="ProjectFileTypes.cpp" />
    <ClCompile Include="VCConfiguration.cpp" />
    <ClCompile Include="helpers.cpp" />
  </ItemGroup>
  <ItemGroup>
    <ClInclude Include="Solution.h" />
    <ClInclude Include="Project.h" />
    <ClInclude Include="..\pugixml\pugiconfig.hpp">
      <Filter>pugixml</Filter>
    </ClInclude>
    <ClInclude Include="..\pugixml\pugixml.hpp">
      <Filter>pugixml</Filter>
    </ClInclude>
    <ClInclude Include="ProjectFile.h" />
    <ClInclude Include="EnumReflect.h" />
    <ClInclude Include="ProjectFileTypes.h" />
    <ClInclude Include="CppReflect.h" />
    <ClInclude Include="MacroHelpers.h" />
    <ClInclude Include="TypeTraits.h" />
    <ClInclude Include="pch.h" />
    <ClInclude Include="boolinq.h" />
    <ClInclude Include="VCConfiguration.h" />
    <ClInclude Include="helpers.h" />
  </ItemGroup>
  <ItemGroup>
    <Filter Include="pugixml">
      <UniqueIdentifier>{dc4500a1-3168-41af-9b6a-7a1298a4c3bc}</UniqueIdentifier>
    </Filter>
  </ItemGroup>
  <ItemGroup>
    <Natvis Include="..\pugixml\pugixml.natvis">
      <Filter>pugixml</Filter>
    </Natvis>
  </ItemGroup>
  <ItemGroup>
    <None Include="packages.config" />
  </ItemGroup>
</Project>