<?xml version="1.0" encoding="utf-8"?>
<Project ToolsVersion="4.0" xmlns="http://schemas.microsoft.com/developer/msbuild/2003">
  <ItemGroup>
    <ClCompile Include="dllmain.cpp" />
    <ClCompile Include="Solution.cpp" />
    <ClCompile Include="Project.cpp" />
    <ClCompile Include="..\pugixml\pugixml.cpp">
      <Filter>pugixml</Filter>
    </ClCompile>
    <ClCompile Include="ProjectFile.cpp" />
    <ClCompile Include="CppReflect.cpp" />
    <ClCompile Include="pch.cpp" />
    <ClCompile Include="ProjectFileTypes.cpp" />
    <ClCompile Include="VCConfiguration.cpp" />
    <ClCompile Include="helpers.cpp" />
    <ClCompile Include="VisualStudioInfo.cpp" />
    <ClCompile Include="logTesting\src\gtest.cc">
      <Filter>logTesting</Filter>
    </ClCompile>
    <ClCompile Include="logTesting\src\gtest-death-test.cc">
      <Filter>logTesting</Filter>
    </ClCompile>
    <ClCompile Include="logTesting\src\gtest-filepath.cc">
      <Filter>logTesting</Filter>
    </ClCompile>
    <ClCompile Include="logTesting\src\gtest-matchers.cc">
      <Filter>logTesting</Filter>
    </ClCompile>
    <ClCompile Include="logTesting\src\gtest-port.cc">
      <Filter>logTesting</Filter>
    </ClCompile>
    <ClCompile Include="logTesting\src\gtest-printers.cc">
      <Filter>logTesting</Filter>
    </ClCompile>
    <ClCompile Include="logTesting\src\gtest-test-part.cc">
      <Filter>logTesting</Filter>
    </ClCompile>
    <ClCompile Include="logTesting\src\gtest-typed-test.cc">
      <Filter>logTesting</Filter>
    </ClCompile>
  </ItemGroup>
  <ItemGroup>
    <ClInclude Include="Solution.h" />
    <ClInclude Include="Project.h" />
    <ClInclude Include="..\pugixml\pugiconfig.hpp">
      <Filter>pugixml</Filter>
    </ClInclude>
    <ClInclude Include="..\pugixml\pugixml.hpp">
      <Filter>pugixml</Filter>
    </ClInclude>
    <ClInclude Include="ProjectFile.h" />
    <ClInclude Include="EnumReflect.h" />
    <ClInclude Include="ProjectFileTypes.h" />
    <ClInclude Include="CppReflect.h" />
    <ClInclude Include="MacroHelpers.h" />
    <ClInclude Include="TypeTraits.h" />
    <ClInclude Include="pch.h" />
    <ClInclude Include="boolinq.h" />
    <ClInclude Include="VCConfiguration.h" />
    <ClInclude Include="helpers.h" />
    <ClInclude Include="VisualStudioInfo.h" />
    <ClInclude Include="logTesting\src\gtest-internal-inl.h">
      <Filter>logTesting</Filter>
    </ClInclude>
    <ClInclude Include="logTesting\gtest\gtest.h">
      <Filter>logTesting\gtest</Filter>
    </ClInclude>
    <ClInclude Include="logTesting\gtest\gtest_pred_impl.h">
      <Filter>logTesting\gtest</Filter>
    </ClInclude>
    <ClInclude Include="logTesting\gtest\gtest_prod.h">
      <Filter>logTesting\gtest</Filter>
    </ClInclude>
    <ClInclude Include="logTesting\gtest\gtest-death-test.h">
      <Filter>logTesting\gtest</Filter>
    </ClInclude>
    <ClInclude Include="logTesting\gtest\gtest-matchers.h">
      <Filter>logTesting\gtest</Filter>
    </ClInclude>
    <ClInclude Include="logTesting\gtest\gtest-message.h">
      <Filter>logTesting\gtest</Filter>
    </ClInclude>
    <ClInclude Include="logTesting\gtest\gtest-param-test.h">
      <Filter>logTesting\gtest</Filter>
    </ClInclude>
    <ClInclude Include="logTesting\gtest\gtest-printers.h">
      <Filter>logTesting\gtest</Filter>
    </ClInclude>
    <ClInclude Include="logTesting\gtest\gtest-spi.h">
      <Filter>logTesting\gtest</Filter>
    </ClInclude>
    <ClInclude Include="logTesting\gtest\gtest-test-part.h">
      <Filter>logTesting\gtest</Filter>
    </ClInclude>
    <ClInclude Include="logTesting\gtest\gtest-typed-test.h">
      <Filter>logTesting\gtest</Filter>
    </ClInclude>
    <ClInclude Include="logTesting\gtest\internal\gtest-death-test-internal.h">
      <Filter>logTesting\gtest\internal</Filter>
    </ClInclude>
    <ClInclude Include="logTesting\gtest\internal\gtest-filepath.h">
      <Filter>logTesting\gtest\internal</Filter>
    </ClInclude>
    <ClInclude Include="logTesting\gtest\internal\gtest-internal.h">
      <Filter>logTesting\gtest\internal</Filter>
    </ClInclude>
    <ClInclude Include="logTesting\gtest\internal\gtest-param-util.h">
      <Filter>logTesting\gtest\internal</Filter>
    </ClInclude>
    <ClInclude Include="logTesting\gtest\internal\gtest-port.h">
      <Filter>logTesting\gtest\internal</Filter>
    </ClInclude>
    <ClInclude Include="logTesting\gtest\internal\gtest-port-arch.h">
      <Filter>logTesting\gtest\internal</Filter>
    </ClInclude>
    <ClInclude Include="logTesting\gtest\internal\gtest-string.h">
      <Filter>logTesting\gtest\internal</Filter>
    </ClInclude>
    <ClInclude Include="logTesting\gtest\internal\gtest-type-util.h">
      <Filter>logTesting\gtest\internal</Filter>
    </ClInclude>
  </ItemGroup>
  <ItemGroup>
    <Filter Include="pugixml">
      <UniqueIdentifier>{dc4500a1-3168-41af-9b6a-7a1298a4c3bc}</UniqueIdentifier>
    </Filter>
    <Filter Include="logTesting">
      <UniqueIdentifier>{d55b8b8c-cba2-4a50-80ac-592ec1faa483}</UniqueIdentifier>
    </Filter>
    <Filter Include="logTesting\gtest">
      <UniqueIdentifier>{845c7320-d9ea-4677-a032-ad5c95bb0aca}</UniqueIdentifier>
    </Filter>
    <Filter Include="logTesting\gtest\internal">
      <UniqueIdentifier>{406763bc-5a1c-43fe-8f6c-53d79102b10b}</UniqueIdentifier>
    </Filter>
  </ItemGroup>
  <ItemGroup>
    <Natvis Include="..\pugixml\pugixml.natvis">
      <Filter>pugixml</Filter>
    </Natvis>
  </ItemGroup>
  <ItemGroup>
    <None Include="packages.config" />
    <None Include="logTesting\gtest\internal\gtest-type-util.h.pump">
      <Filter>logTesting\gtest\internal</Filter>
    </None>
  </ItemGroup>
</Project>